
Microsoft Visual Studio Solution File, Format Version 12.00
# Visual Studio Version 16
VisualStudioVersion = 16.0.31019.35
MinimumVisualStudioVersion = 10.0.40219.1
Project("{9A19103F-16F7-4668-BE54-9A1E7A4F7556}") = "KP", "KP\KP.csproj", "{1B796461-B8FD-429A-8FA6-D0720F9082DB}"
EndProject
Global
	GlobalSection(SolutionConfigurationPlatforms) = preSolution
		Debug|Any CPU = Debug|Any CPU
		Release|Any CPU = Release|Any CPU
	EndGlobalSection
	GlobalSection(ProjectConfigurationPlatforms) = postSolution
		{1B796461-B8FD-429A-8FA6-D0720F9082DB}.Debug|Any CPU.ActiveCfg = Debug|Any CPU
		{1B796461-B8FD-429A-8FA6-D0720F9082DB}.Debug|Any CPU.Build.0 = Debug|Any CPU
		{1B796461-B8FD-429A-8FA6-D0720F9082DB}.Release|Any CPU.ActiveCfg = Release|Any CPU
		{1B796461-B8FD-429A-8FA6-D0720F9082DB}.Release|Any CPU.Build.0 = Release|Any CPU
	EndGlobalSection
	GlobalSection(SolutionProperties) = preSolution
		HideSolutionNode = FALSE
	EndGlobalSection
	GlobalSection(ExtensibilityGlobals) = postSolution
		SolutionGuid = {3090129F-EA43-4790-87BF-67B5A7021FED}
	EndGlobalSection
EndGlobal
